// !$*UTF8*$!
{
	archiveVersion = 1;
	classes = {
	};
	objectVersion = 52;
	objects = {

/* Begin PBXBuildFile section */
		1033B2552674A7F200D999CE /* AppDelegate.swift in Sources */ = {isa = PBXBuildFile; fileRef = 1033B2542674A7F200D999CE /* AppDelegate.swift */; };
		1033B2572674A7F200D999CE /* SceneDelegate.swift in Sources */ = {isa = PBXBuildFile; fileRef = 1033B2562674A7F200D999CE /* SceneDelegate.swift */; };
		1033B2592674A7F200D999CE /* ContentView.swift in Sources */ = {isa = PBXBuildFile; fileRef = 1033B2582674A7F200D999CE /* ContentView.swift */; };
		1033B25B2674A7F300D999CE /* Assets.xcassets in Resources */ = {isa = PBXBuildFile; fileRef = 1033B25A2674A7F300D999CE /* Assets.xcassets */; };
		1033B25E2674A7F300D999CE /* Preview Assets.xcassets in Resources */ = {isa = PBXBuildFile; fileRef = 1033B25D2674A7F300D999CE /* Preview Assets.xcassets */; };
		1033B2612674A7F300D999CE /* LaunchScreen.storyboard in Resources */ = {isa = PBXBuildFile; fileRef = 1033B25F2674A7F300D999CE /* LaunchScreen.storyboard */; };
		1033B26C2674A7F300D999CE /* KyPayApp2Tests.swift in Sources */ = {isa = PBXBuildFile; fileRef = 1033B26B2674A7F300D999CE /* KyPayApp2Tests.swift */; };
		1033B2772674A7F300D999CE /* KyPayApp2UITests.swift in Sources */ = {isa = PBXBuildFile; fileRef = 1033B2762674A7F300D999CE /* KyPayApp2UITests.swift */; };
		1033B2922674A82F00D999CE /* T.json in Resources */ = {isa = PBXBuildFile; fileRef = 1033B2872674A82F00D999CE /* T.json */; };
		1033B2932674A82F00D999CE /* Tester.swift in Sources */ = {isa = PBXBuildFile; fileRef = 1033B2882674A82F00D999CE /* Tester.swift */; };
		1033B2942674A82F00D999CE /* DictionaryExt.swift in Sources */ = {isa = PBXBuildFile; fileRef = 1033B2892674A82F00D999CE /* DictionaryExt.swift */; };
		1033B2952674A82F00D999CE /* UserImg.swift in Sources */ = {isa = PBXBuildFile; fileRef = 1033B28B2674A82F00D999CE /* UserImg.swift */; };
		1033B2962674A82F00D999CE /* UserAddress.swift in Sources */ = {isa = PBXBuildFile; fileRef = 1033B28C2674A82F00D999CE /* UserAddress.swift */; };
		1033B2972674A82F00D999CE /* UserWallet.swift in Sources */ = {isa = PBXBuildFile; fileRef = 1033B28D2674A82F00D999CE /* UserWallet.swift */; };
		1033B2982674A82F00D999CE /* User.swift in Sources */ = {isa = PBXBuildFile; fileRef = 1033B28E2674A82F00D999CE /* User.swift */; };
		1033B2992674A82F00D999CE /* UserPaymentTx.swift in Sources */ = {isa = PBXBuildFile; fileRef = 1033B28F2674A82F00D999CE /* UserPaymentTx.swift */; };
		1033B29A2674A82F00D999CE /* DateFormatterExt.swift in Sources */ = {isa = PBXBuildFile; fileRef = 1033B2902674A82F00D999CE /* DateFormatterExt.swift */; };
		1033B29B2674A82F00D999CE /* ApiRequestHandler.swift in Sources */ = {isa = PBXBuildFile; fileRef = 1033B2912674A82F00D999CE /* ApiRequestHandler.swift */; };
		1033B2C22674A92D00D999CE /* bootstrap.php in Resources */ = {isa = PBXBuildFile; fileRef = 1033B29D2674A92D00D999CE /* bootstrap.php */; };
		1033B2C32674A92D00D999CE /* Test2.php in Resources */ = {isa = PBXBuildFile; fileRef = 1033B29E2674A92D00D999CE /* Test2.php */; };
		1033B2C42674A92D00D999CE /* Test.php in Resources */ = {isa = PBXBuildFile; fileRef = 1033B29F2674A92D00D999CE /* Test.php */; };
		1033B2C52674A92D00D999CE /* index.php in Resources */ = {isa = PBXBuildFile; fileRef = 1033B2A12674A92D00D999CE /* index.php */; };
		1033B2C62674A92D00D999CE /* tb.sql in Resources */ = {isa = PBXBuildFile; fileRef = 1033B2A42674A92D00D999CE /* tb.sql */; };
		1033B2C72674A92D00D999CE /* KypayUser.php in Resources */ = {isa = PBXBuildFile; fileRef = 1033B2A62674A92D00D999CE /* KypayUser.php */; };
		1033B2C82674A92D00D999CE /* KypayUserPaymentTx.php in Resources */ = {isa = PBXBuildFile; fileRef = 1033B2A72674A92D00D999CE /* KypayUserPaymentTx.php */; };
		1033B2C92674A92D00D999CE /* KypayUserAddress.php in Resources */ = {isa = PBXBuildFile; fileRef = 1033B2A82674A92D00D999CE /* KypayUserAddress.php */; };
		1033B2CA2674A92D00D999CE /* KypayUserWallet.php in Resources */ = {isa = PBXBuildFile; fileRef = 1033B2A92674A92D00D999CE /* KypayUserWallet.php */; };
		1033B2CB2674A92D00D999CE /* KypayUserImg.php in Resources */ = {isa = PBXBuildFile; fileRef = 1033B2AA2674A92D00D999CE /* KypayUserImg.php */; };
		1033B2CC2674A92D00D999CE /* KypayDbObject.php in Resources */ = {isa = PBXBuildFile; fileRef = 1033B2AB2674A92D00D999CE /* KypayDbObject.php */; };
		1033B2CD2674A92D00D999CE /* KypayUserController.php in Resources */ = {isa = PBXBuildFile; fileRef = 1033B2AD2674A92D00D999CE /* KypayUserController.php */; };
		1033B2CE2674A92D00D999CE /* Controller.php in Resources */ = {isa = PBXBuildFile; fileRef = 1033B2AE2674A92D00D999CE /* Controller.php */; };
		1033B2CF2674A92D00D999CE /* RequestMethod.php in Resources */ = {isa = PBXBuildFile; fileRef = 1033B2AF2674A92D00D999CE /* RequestMethod.php */; };
		1033B2D02674A92D00D999CE /* KypayUserWalletController.php in Resources */ = {isa = PBXBuildFile; fileRef = 1033B2B02674A92D00D999CE /* KypayUserWalletController.php */; };
		1033B2D12674A92D00D999CE /* KypayUserAddressController.php in Resources */ = {isa = PBXBuildFile; fileRef = 1033B2B12674A92D00D999CE /* KypayUserAddressController.php */; };
		1033B2D22674A92D00D999CE /* DotEnv.php in Resources */ = {isa = PBXBuildFile; fileRef = 1033B2B32674A92D00D999CE /* DotEnv.php */; };
		1033B2D32674A92D00D999CE /* .env in Resources */ = {isa = PBXBuildFile; fileRef = 1033B2B52674A92D00D999CE /* .env */; };
		1033B2D42674A92D00D999CE /* EncUtil.php in Resources */ = {isa = PBXBuildFile; fileRef = 1033B2B62674A92D00D999CE /* EncUtil.php */; };
		1033B2D52674A92D00D999CE /* KeyManager.php in Resources */ = {isa = PBXBuildFile; fileRef = 1033B2B72674A92D00D999CE /* KeyManager.php */; };
		1033B2D62674A92D00D999CE /* StrUtil.php in Resources */ = {isa = PBXBuildFile; fileRef = 1033B2B82674A92D00D999CE /* StrUtil.php */; };
		1033B2D72674A92D00D999CE /* Log.php in Resources */ = {isa = PBXBuildFile; fileRef = 1033B2B92674A92D00D999CE /* Log.php */; };
		1033B2D82674A92D00D999CE /* SQLBuilder.php in Resources */ = {isa = PBXBuildFile; fileRef = 1033B2BB2674A92D00D999CE /* SQLBuilder.php */; };
		1033B2D92674A92D00D999CE /* DbConnector.php in Resources */ = {isa = PBXBuildFile; fileRef = 1033B2BC2674A92D00D999CE /* DbConnector.php */; };
		1033B2DA2674A92D00D999CE /* DbObject.php in Resources */ = {isa = PBXBuildFile; fileRef = 1033B2BD2674A92D00D999CE /* DbObject.php */; };
		1033B2DB2674A92D00D999CE /* RapydRequest.php in Resources */ = {isa = PBXBuildFile; fileRef = 1033B2BF2674A92D00D999CE /* RapydRequest.php */; };
		1033B2DC2674A92D00D999CE /* CollectRequest.php in Resources */ = {isa = PBXBuildFile; fileRef = 1033B2C02674A92D00D999CE /* CollectRequest.php */; };
		1033B2DD2674A92D00D999CE /* ObtainTK.php in Resources */ = {isa = PBXBuildFile; fileRef = 1033B2C12674A92D00D999CE /* ObtainTK.php */; };
		1033B2DF2674AC3800D999CE /* KyPayUserPaymentTxController.php in Resources */ = {isa = PBXBuildFile; fileRef = 1033B2DE2674AC3800D999CE /* KyPayUserPaymentTxController.php */; };
		1033C05F2676DC5700D999CE /* LoginView.swift in Sources */ = {isa = PBXBuildFile; fileRef = 1033C05E2676DC5700D999CE /* LoginView.swift */; };
		1033C0622676DCAF00D999CE /* Extensions.swift in Sources */ = {isa = PBXBuildFile; fileRef = 1033C0612676DCAF00D999CE /* Extensions.swift */; };
		1033C0642676DCCE00D999CE /* UIColorExt.swift in Sources */ = {isa = PBXBuildFile; fileRef = 1033C0632676DCCE00D999CE /* UIColorExt.swift */; };
		1033C0692676DD8700D999CE /* CountryCodePickerUI.swift in Sources */ = {isa = PBXBuildFile; fileRef = 1033C0682676DD8700D999CE /* CountryCodePickerUI.swift */; };
		1033C06C2676E3FA00D999CE /* PhoneInputViewModel.swift in Sources */ = {isa = PBXBuildFile; fileRef = 1033C06B2676E3FA00D999CE /* PhoneInputViewModel.swift */; };
		1033C06F2676E46F00D999CE /* PhoneInputData.swift in Sources */ = {isa = PBXBuildFile; fileRef = 1033C06E2676E46F00D999CE /* PhoneInputData.swift */; };
		1033C0742676E81000D999CE /* RoundedCorner.swift in Sources */ = {isa = PBXBuildFile; fileRef = 1033C0712676E81000D999CE /* RoundedCorner.swift */; };
		1033C0752676E81000D999CE /* BottomSheet.swift in Sources */ = {isa = PBXBuildFile; fileRef = 1033C0722676E81000D999CE /* BottomSheet.swift */; };
		1033C0762676E81000D999CE /* ViewExtension.swift in Sources */ = {isa = PBXBuildFile; fileRef = 1033C0732676E81000D999CE /* ViewExtension.swift */; };
		1033C0792676F3C500D999CE /* SwiftUIX in Frameworks */ = {isa = PBXBuildFile; productRef = 1033C0782676F3C500D999CE /* SwiftUIX */; settings = {ATTRIBUTES = (Required, ); }; };
		1033C0812677011400D999CE /* Country.swift in Sources */ = {isa = PBXBuildFile; fileRef = 1033C0802677011400D999CE /* Country.swift */; };
		1033C0832677035100D999CE /* CountryPickerView.bundle in Resources */ = {isa = PBXBuildFile; fileRef = 1033C0822677035100D999CE /* CountryPickerView.bundle */; };
		1033C08526771A7D00D999CE /* SearchBar.swift in Sources */ = {isa = PBXBuildFile; fileRef = 1033C08426771A7D00D999CE /* SearchBar.swift */; };
		1033C0882677386000D999CE /* GoogleService-Info.plist in Resources */ = {isa = PBXBuildFile; fileRef = 1033C0872677386000D999CE /* GoogleService-Info.plist */; };
		1033C08B26773A5000D999CE /* PhoneAuthenticator.swift in Sources */ = {isa = PBXBuildFile; fileRef = 1033C08A26773A5000D999CE /* PhoneAuthenticator.swift */; };
		1033C08E26773C0600D999CE /* KCDataStore.swift in Sources */ = {isa = PBXBuildFile; fileRef = 1033C08D26773C0600D999CE /* KCDataStore.swift */; };
		1033C090267749F600D999CE /* OTPView.swift in Sources */ = {isa = PBXBuildFile; fileRef = 1033C08F267749F600D999CE /* OTPView.swift */; };
		1033C0922678292900D999CE /* OtpTextViewModel.swift in Sources */ = {isa = PBXBuildFile; fileRef = 1033C0912678292900D999CE /* OtpTextViewModel.swift */; };
		1033C09426782B5700D999CE /* OtpText.swift in Sources */ = {isa = PBXBuildFile; fileRef = 1033C09326782B5700D999CE /* OtpText.swift */; };
		1033C096267846E500D999CE /* FirstSignInView.swift in Sources */ = {isa = PBXBuildFile; fileRef = 1033C095267846E500D999CE /* FirstSignInView.swift */; };
		1033C0982678477600D999CE /* UserViewModel.swift in Sources */ = {isa = PBXBuildFile; fileRef = 1033C0972678477600D999CE /* UserViewModel.swift */; };
		1033C09A26784FC300D999CE /* HomeView.swift in Sources */ = {isa = PBXBuildFile; fileRef = 1033C09926784FC300D999CE /* HomeView.swift */; };
		1033C09C2678509D00D999CE /* SettingsView.swift in Sources */ = {isa = PBXBuildFile; fileRef = 1033C09B2678509D00D999CE /* SettingsView.swift */; };
		1033C09E267850D900D999CE /* SendView.swift in Sources */ = {isa = PBXBuildFile; fileRef = 1033C09D267850D900D999CE /* SendView.swift */; };
		1033C0A02678510100D999CE /* RequestView.swift in Sources */ = {isa = PBXBuildFile; fileRef = 1033C09F2678510100D999CE /* RequestView.swift */; };
		1033C0A32678514500D999CE /* HomeTabbedView.swift in Sources */ = {isa = PBXBuildFile; fileRef = 1033C0A22678514500D999CE /* HomeTabbedView.swift */; };
		1033C0A62678A87C00D999CE /* ProgressViewModifier.swift in Sources */ = {isa = PBXBuildFile; fileRef = 1033C0A52678A87C00D999CE /* ProgressViewModifier.swift */; };
		1033C0A82678A8CD00D999CE /* CustomActivityIndicator.swift in Sources */ = {isa = PBXBuildFile; fileRef = 1033C0A72678A8CD00D999CE /* CustomActivityIndicator.swift */; };
		1033C0AC2679A38000D999CE /* Tool.swift in Sources */ = {isa = PBXBuildFile; fileRef = 1033C0AB2679A38000D999CE /* Tool.swift */; };
		1033C0AF2679BB7800D999CE /* EditProfileView.swift in Sources */ = {isa = PBXBuildFile; fileRef = 1033C0AE2679BB7800D999CE /* EditProfileView.swift */; };
		1033C0B12679C45C00D999CE /* PopOverView.swift in Sources */ = {isa = PBXBuildFile; fileRef = 1033C0B02679C45C00D999CE /* PopOverView.swift */; };
		1033C0B32679E01600D999CE /* ShadowedRoundedCorner.swift in Sources */ = {isa = PBXBuildFile; fileRef = 1033C0B22679E01600D999CE /* ShadowedRoundedCorner.swift */; };
		1033C0B5267A2B5B00D999CE /* CountDownTextView.swift in Sources */ = {isa = PBXBuildFile; fileRef = 1033C0B4267A2B5B00D999CE /* CountDownTextView.swift */; };
		1033C0B7267AC63100D999CE /* NeumorphismModifier.swift in Sources */ = {isa = PBXBuildFile; fileRef = 1033C0B6267AC63100D999CE /* NeumorphismModifier.swift */; };
		1033C0BA267AEC3700D999CE /* TopUpView.swift in Sources */ = {isa = PBXBuildFile; fileRef = 1033C0B9267AEC3700D999CE /* TopUpView.swift */; };
		1033C0BC267AECA200D999CE /* Theme.swift in Sources */ = {isa = PBXBuildFile; fileRef = 1033C0BB267AECA200D999CE /* Theme.swift */; };
		1033C0BE267AFCCD00D999CE /* PersistanceController.swift in Sources */ = {isa = PBXBuildFile; fileRef = 1033C0BD267AFCCD00D999CE /* PersistanceController.swift */; };
		1033C0C0267AFD4F00D999CE /* ContactFetcher.swift in Sources */ = {isa = PBXBuildFile; fileRef = 1033C0BF267AFD4F00D999CE /* ContactFetcher.swift */; };
		1033C0C2267AFFB600D999CE /* ContactsListView.swift in Sources */ = {isa = PBXBuildFile; fileRef = 1033C0C1267AFFB600D999CE /* ContactsListView.swift */; };
		1033C0C5267B358E00D999CE /* KyPayDb.xcdatamodeld in Sources */ = {isa = PBXBuildFile; fileRef = 1033C0C3267B358E00D999CE /* KyPayDb.xcdatamodeld */; };
		1033C0C7267B363C00D999CE /* KyPayContactDataStore.swift in Sources */ = {isa = PBXBuildFile; fileRef = 1033C0C6267B363C00D999CE /* KyPayContactDataStore.swift */; };
		1033C0C9267B3C6C00D999CE /* KyPayUserSyncer.swift in Sources */ = {isa = PBXBuildFile; fileRef = 1033C0C8267B3C6C00D999CE /* KyPayUserSyncer.swift */; };
		1033C0CB267C9E4300D999CE /* NavigationBackButton.swift in Sources */ = {isa = PBXBuildFile; fileRef = 1033C0CA267C9E4300D999CE /* NavigationBackButton.swift */; };
		1033C0CD267D6C4200D999CE /* BottomFloatingButton.swift in Sources */ = {isa = PBXBuildFile; fileRef = 1033C0CC267D6C4200D999CE /* BottomFloatingButton.swift */; };
		1033C0CF267D767000D999CE /* TxInputData.swift in Sources */ = {isa = PBXBuildFile; fileRef = 1033C0CE267D767000D999CE /* TxInputData.swift */; };
		1033C0D1267D769400D999CE /* TxInputDataViewModel.swift in Sources */ = {isa = PBXBuildFile; fileRef = 1033C0D0267D769400D999CE /* TxInputDataViewModel.swift */; };
		1033C0D3267D896900D999CE /* SendMoneyView.swift in Sources */ = {isa = PBXBuildFile; fileRef = 1033C0D2267D896900D999CE /* SendMoneyView.swift */; };
		1033C0E3267D984C00D999CE /* WalletHandler.swift in Sources */ = {isa = PBXBuildFile; fileRef = 1033C0DF267D984C00D999CE /* WalletHandler.swift */; };
		1033C0E4267D984C00D999CE /* Config.swift in Sources */ = {isa = PBXBuildFile; fileRef = 1033C0E0267D984C00D999CE /* Config.swift */; };
		1033C0E5267D984C00D999CE /* DataHandler.swift in Sources */ = {isa = PBXBuildFile; fileRef = 1033C0E1267D984C00D999CE /* DataHandler.swift */; };
		1033C0E6267D984C00D999CE /* PaymentHandler.swift in Sources */ = {isa = PBXBuildFile; fileRef = 1033C0E2267D984C00D999CE /* PaymentHandler.swift */; };
		1033C0FE267DA63F00D999CE /* Pods_KyPayApp2.framework in Frameworks */ = {isa = PBXBuildFile; fileRef = 0AD2A35EA43E8F034705E971 /* Pods_KyPayApp2.framework */; };
		1033C17F267DBA9600D999CE /* RapydSDK.framework in Frameworks */ = {isa = PBXBuildFile; fileRef = 1033C17D267DBA6D00D999CE /* RapydSDK.framework */; };
		1033C180267DBA9600D999CE /* RapydSDK.framework in Embed Frameworks */ = {isa = PBXBuildFile; fileRef = 1033C17D267DBA6D00D999CE /* RapydSDK.framework */; settings = {ATTRIBUTES = (CodeSignOnCopy, RemoveHeadersOnCopy, ); }; };
		1033C184267DBAED00D999CE /* RapydSDK.framework in Frameworks */ = {isa = PBXBuildFile; fileRef = 1033C183267DBAED00D999CE /* RapydSDK.framework */; };
/* End PBXBuildFile section */

/* Begin PBXContainerItemProxy section */
		1033B2682674A7F300D999CE /* PBXContainerItemProxy */ = {
			isa = PBXContainerItemProxy;
			containerPortal = 1033B2492674A7F200D999CE /* Project object */;
			proxyType = 1;
			remoteGlobalIDString = 1033B2502674A7F200D999CE;
			remoteInfo = KyPayApp2;
		};
		1033B2732674A7F300D999CE /* PBXContainerItemProxy */ = {
			isa = PBXContainerItemProxy;
			containerPortal = 1033B2492674A7F200D999CE /* Project object */;
			proxyType = 1;
			remoteGlobalIDString = 1033B2502674A7F200D999CE;
			remoteInfo = KyPayApp2;
		};
/* End PBXContainerItemProxy section */

/* Begin PBXCopyFilesBuildPhase section */
		1033C181267DBA9600D999CE /* Embed Frameworks */ = {
			isa = PBXCopyFilesBuildPhase;
			buildActionMask = 2147483647;
			dstPath = "";
			dstSubfolderSpec = 10;
			files = (
				1033C180267DBA9600D999CE /* RapydSDK.framework in Embed Frameworks */,
			);
			name = "Embed Frameworks";
			runOnlyForDeploymentPostprocessing = 0;
		};
/* End PBXCopyFilesBuildPhase section */

/* Begin PBXFileReference section */
		0AD2A35EA43E8F034705E971 /* Pods_KyPayApp2.framework */ = {isa = PBXFileReference; explicitFileType = wrapper.framework; includeInIndex = 0; path = Pods_KyPayApp2.framework; sourceTree = BUILT_PRODUCTS_DIR; };
		1033B2512674A7F200D999CE /* KyPayApp2.app */ = {isa = PBXFileReference; explicitFileType = wrapper.application; includeInIndex = 0; path = KyPayApp2.app; sourceTree = BUILT_PRODUCTS_DIR; };
		1033B2542674A7F200D999CE /* AppDelegate.swift */ = {isa = PBXFileReference; lastKnownFileType = sourcecode.swift; path = AppDelegate.swift; sourceTree = "<group>"; };
		1033B2562674A7F200D999CE /* SceneDelegate.swift */ = {isa = PBXFileReference; lastKnownFileType = sourcecode.swift; path = SceneDelegate.swift; sourceTree = "<group>"; };
		1033B2582674A7F200D999CE /* ContentView.swift */ = {isa = PBXFileReference; lastKnownFileType = sourcecode.swift; path = ContentView.swift; sourceTree = "<group>"; };
		1033B25A2674A7F300D999CE /* Assets.xcassets */ = {isa = PBXFileReference; lastKnownFileType = folder.assetcatalog; path = Assets.xcassets; sourceTree = "<group>"; };
		1033B25D2674A7F300D999CE /* Preview Assets.xcassets */ = {isa = PBXFileReference; lastKnownFileType = folder.assetcatalog; path = "Preview Assets.xcassets"; sourceTree = "<group>"; };
		1033B2602674A7F300D999CE /* Base */ = {isa = PBXFileReference; lastKnownFileType = file.storyboard; name = Base; path = Base.lproj/LaunchScreen.storyboard; sourceTree = "<group>"; };
		1033B2622674A7F300D999CE /* Info.plist */ = {isa = PBXFileReference; lastKnownFileType = text.plist.xml; path = Info.plist; sourceTree = "<group>"; };
		1033B2672674A7F300D999CE /* KyPayApp2Tests.xctest */ = {isa = PBXFileReference; explicitFileType = wrapper.cfbundle; includeInIndex = 0; path = KyPayApp2Tests.xctest; sourceTree = BUILT_PRODUCTS_DIR; };
		1033B26B2674A7F300D999CE /* KyPayApp2Tests.swift */ = {isa = PBXFileReference; lastKnownFileType = sourcecode.swift; path = KyPayApp2Tests.swift; sourceTree = "<group>"; };
		1033B26D2674A7F300D999CE /* Info.plist */ = {isa = PBXFileReference; lastKnownFileType = text.plist.xml; path = Info.plist; sourceTree = "<group>"; };
		1033B2722674A7F300D999CE /* KyPayApp2UITests.xctest */ = {isa = PBXFileReference; explicitFileType = wrapper.cfbundle; includeInIndex = 0; path = KyPayApp2UITests.xctest; sourceTree = BUILT_PRODUCTS_DIR; };
		1033B2762674A7F300D999CE /* KyPayApp2UITests.swift */ = {isa = PBXFileReference; lastKnownFileType = sourcecode.swift; path = KyPayApp2UITests.swift; sourceTree = "<group>"; };
		1033B2782674A7F300D999CE /* Info.plist */ = {isa = PBXFileReference; lastKnownFileType = text.plist.xml; path = Info.plist; sourceTree = "<group>"; };
		1033B2872674A82F00D999CE /* T.json */ = {isa = PBXFileReference; fileEncoding = 4; lastKnownFileType = text.json; path = T.json; sourceTree = "<group>"; };
		1033B2882674A82F00D999CE /* Tester.swift */ = {isa = PBXFileReference; fileEncoding = 4; lastKnownFileType = sourcecode.swift; path = Tester.swift; sourceTree = "<group>"; };
		1033B2892674A82F00D999CE /* DictionaryExt.swift */ = {isa = PBXFileReference; fileEncoding = 4; lastKnownFileType = sourcecode.swift; path = DictionaryExt.swift; sourceTree = "<group>"; };
		1033B28B2674A82F00D999CE /* UserImg.swift */ = {isa = PBXFileReference; fileEncoding = 4; lastKnownFileType = sourcecode.swift; path = UserImg.swift; sourceTree = "<group>"; };
		1033B28C2674A82F00D999CE /* UserAddress.swift */ = {isa = PBXFileReference; fileEncoding = 4; lastKnownFileType = sourcecode.swift; path = UserAddress.swift; sourceTree = "<group>"; };
		1033B28D2674A82F00D999CE /* UserWallet.swift */ = {isa = PBXFileReference; fileEncoding = 4; lastKnownFileType = sourcecode.swift; path = UserWallet.swift; sourceTree = "<group>"; };
		1033B28E2674A82F00D999CE /* User.swift */ = {isa = PBXFileReference; fileEncoding = 4; lastKnownFileType = sourcecode.swift; path = User.swift; sourceTree = "<group>"; };
		1033B28F2674A82F00D999CE /* UserPaymentTx.swift */ = {isa = PBXFileReference; fileEncoding = 4; lastKnownFileType = sourcecode.swift; path = UserPaymentTx.swift; sourceTree = "<group>"; };
		1033B2902674A82F00D999CE /* DateFormatterExt.swift */ = {isa = PBXFileReference; fileEncoding = 4; lastKnownFileType = sourcecode.swift; path = DateFormatterExt.swift; sourceTree = "<group>"; };
		1033B2912674A82F00D999CE /* ApiRequestHandler.swift */ = {isa = PBXFileReference; fileEncoding = 4; lastKnownFileType = sourcecode.swift; path = ApiRequestHandler.swift; sourceTree = "<group>"; };
		1033B29D2674A92D00D999CE /* bootstrap.php */ = {isa = PBXFileReference; fileEncoding = 4; lastKnownFileType = text.script.php; path = bootstrap.php; sourceTree = "<group>"; };
		1033B29E2674A92D00D999CE /* Test2.php */ = {isa = PBXFileReference; fileEncoding = 4; lastKnownFileType = text.script.php; path = Test2.php; sourceTree = "<group>"; };
		1033B29F2674A92D00D999CE /* Test.php */ = {isa = PBXFileReference; fileEncoding = 4; lastKnownFileType = text.script.php; path = Test.php; sourceTree = "<group>"; };
		1033B2A12674A92D00D999CE /* index.php */ = {isa = PBXFileReference; fileEncoding = 4; lastKnownFileType = text.script.php; path = index.php; sourceTree = "<group>"; };
		1033B2A42674A92D00D999CE /* tb.sql */ = {isa = PBXFileReference; fileEncoding = 4; lastKnownFileType = text; path = tb.sql; sourceTree = "<group>"; };
		1033B2A62674A92D00D999CE /* KypayUser.php */ = {isa = PBXFileReference; fileEncoding = 4; lastKnownFileType = text.script.php; path = KypayUser.php; sourceTree = "<group>"; };
		1033B2A72674A92D00D999CE /* KypayUserPaymentTx.php */ = {isa = PBXFileReference; fileEncoding = 4; lastKnownFileType = text.script.php; path = KypayUserPaymentTx.php; sourceTree = "<group>"; };
		1033B2A82674A92D00D999CE /* KypayUserAddress.php */ = {isa = PBXFileReference; fileEncoding = 4; lastKnownFileType = text.script.php; path = KypayUserAddress.php; sourceTree = "<group>"; };
		1033B2A92674A92D00D999CE /* KypayUserWallet.php */ = {isa = PBXFileReference; fileEncoding = 4; lastKnownFileType = text.script.php; path = KypayUserWallet.php; sourceTree = "<group>"; };
		1033B2AA2674A92D00D999CE /* KypayUserImg.php */ = {isa = PBXFileReference; fileEncoding = 4; lastKnownFileType = text.script.php; path = KypayUserImg.php; sourceTree = "<group>"; };
		1033B2AB2674A92D00D999CE /* KypayDbObject.php */ = {isa = PBXFileReference; fileEncoding = 4; lastKnownFileType = text.script.php; path = KypayDbObject.php; sourceTree = "<group>"; };
		1033B2AD2674A92D00D999CE /* KypayUserController.php */ = {isa = PBXFileReference; fileEncoding = 4; lastKnownFileType = text.script.php; path = KypayUserController.php; sourceTree = "<group>"; };
		1033B2AE2674A92D00D999CE /* Controller.php */ = {isa = PBXFileReference; fileEncoding = 4; lastKnownFileType = text.script.php; path = Controller.php; sourceTree = "<group>"; };
		1033B2AF2674A92D00D999CE /* RequestMethod.php */ = {isa = PBXFileReference; fileEncoding = 4; lastKnownFileType = text.script.php; path = RequestMethod.php; sourceTree = "<group>"; };
		1033B2B02674A92D00D999CE /* KypayUserWalletController.php */ = {isa = PBXFileReference; fileEncoding = 4; lastKnownFileType = text.script.php; path = KypayUserWalletController.php; sourceTree = "<group>"; };
		1033B2B12674A92D00D999CE /* KypayUserAddressController.php */ = {isa = PBXFileReference; fileEncoding = 4; lastKnownFileType = text.script.php; path = KypayUserAddressController.php; sourceTree = "<group>"; };
		1033B2B32674A92D00D999CE /* DotEnv.php */ = {isa = PBXFileReference; fileEncoding = 4; lastKnownFileType = text.script.php; path = DotEnv.php; sourceTree = "<group>"; };
		1033B2B52674A92D00D999CE /* .env */ = {isa = PBXFileReference; fileEncoding = 4; lastKnownFileType = text; path = .env; sourceTree = "<group>"; };
		1033B2B62674A92D00D999CE /* EncUtil.php */ = {isa = PBXFileReference; fileEncoding = 4; lastKnownFileType = text.script.php; path = EncUtil.php; sourceTree = "<group>"; };
		1033B2B72674A92D00D999CE /* KeyManager.php */ = {isa = PBXFileReference; fileEncoding = 4; lastKnownFileType = text.script.php; path = KeyManager.php; sourceTree = "<group>"; };
		1033B2B82674A92D00D999CE /* StrUtil.php */ = {isa = PBXFileReference; fileEncoding = 4; lastKnownFileType = text.script.php; path = StrUtil.php; sourceTree = "<group>"; };
		1033B2B92674A92D00D999CE /* Log.php */ = {isa = PBXFileReference; fileEncoding = 4; lastKnownFileType = text.script.php; path = Log.php; sourceTree = "<group>"; };
		1033B2BB2674A92D00D999CE /* SQLBuilder.php */ = {isa = PBXFileReference; fileEncoding = 4; lastKnownFileType = text.script.php; path = SQLBuilder.php; sourceTree = "<group>"; };
		1033B2BC2674A92D00D999CE /* DbConnector.php */ = {isa = PBXFileReference; fileEncoding = 4; lastKnownFileType = text.script.php; path = DbConnector.php; sourceTree = "<group>"; };
		1033B2BD2674A92D00D999CE /* DbObject.php */ = {isa = PBXFileReference; fileEncoding = 4; lastKnownFileType = text.script.php; path = DbObject.php; sourceTree = "<group>"; };
		1033B2BF2674A92D00D999CE /* RapydRequest.php */ = {isa = PBXFileReference; fileEncoding = 4; lastKnownFileType = text.script.php; path = RapydRequest.php; sourceTree = "<group>"; };
		1033B2C02674A92D00D999CE /* CollectRequest.php */ = {isa = PBXFileReference; fileEncoding = 4; lastKnownFileType = text.script.php; path = CollectRequest.php; sourceTree = "<group>"; };
		1033B2C12674A92D00D999CE /* ObtainTK.php */ = {isa = PBXFileReference; fileEncoding = 4; lastKnownFileType = text.script.php; path = ObtainTK.php; sourceTree = "<group>"; };
		1033B2DE2674AC3800D999CE /* KyPayUserPaymentTxController.php */ = {isa = PBXFileReference; lastKnownFileType = text.script.php; path = KyPayUserPaymentTxController.php; sourceTree = "<group>"; };
		1033C05E2676DC5700D999CE /* LoginView.swift */ = {isa = PBXFileReference; lastKnownFileType = sourcecode.swift; path = LoginView.swift; sourceTree = "<group>"; };
		1033C0612676DCAF00D999CE /* Extensions.swift */ = {isa = PBXFileReference; lastKnownFileType = sourcecode.swift; path = Extensions.swift; sourceTree = "<group>"; };
		1033C0632676DCCE00D999CE /* UIColorExt.swift */ = {isa = PBXFileReference; fileEncoding = 4; lastKnownFileType = sourcecode.swift; path = UIColorExt.swift; sourceTree = "<group>"; };
		1033C0682676DD8700D999CE /* CountryCodePickerUI.swift */ = {isa = PBXFileReference; lastKnownFileType = sourcecode.swift; path = CountryCodePickerUI.swift; sourceTree = "<group>"; };
		1033C06B2676E3FA00D999CE /* PhoneInputViewModel.swift */ = {isa = PBXFileReference; lastKnownFileType = sourcecode.swift; path = PhoneInputViewModel.swift; sourceTree = "<group>"; };
		1033C06E2676E46F00D999CE /* PhoneInputData.swift */ = {isa = PBXFileReference; lastKnownFileType = sourcecode.swift; path = PhoneInputData.swift; sourceTree = "<group>"; };
		1033C0712676E81000D999CE /* RoundedCorner.swift */ = {isa = PBXFileReference; fileEncoding = 4; lastKnownFileType = sourcecode.swift; path = RoundedCorner.swift; sourceTree = "<group>"; };
		1033C0722676E81000D999CE /* BottomSheet.swift */ = {isa = PBXFileReference; fileEncoding = 4; lastKnownFileType = sourcecode.swift; path = BottomSheet.swift; sourceTree = "<group>"; };
		1033C0732676E81000D999CE /* ViewExtension.swift */ = {isa = PBXFileReference; fileEncoding = 4; lastKnownFileType = sourcecode.swift; path = ViewExtension.swift; sourceTree = "<group>"; };
		1033C0802677011400D999CE /* Country.swift */ = {isa = PBXFileReference; lastKnownFileType = sourcecode.swift; path = Country.swift; sourceTree = "<group>"; };
		1033C0822677035100D999CE /* CountryPickerView.bundle */ = {isa = PBXFileReference; lastKnownFileType = "wrapper.plug-in"; path = CountryPickerView.bundle; sourceTree = "<group>"; };
		1033C08426771A7D00D999CE /* SearchBar.swift */ = {isa = PBXFileReference; lastKnownFileType = sourcecode.swift; path = SearchBar.swift; sourceTree = "<group>"; };
		1033C0872677386000D999CE /* GoogleService-Info.plist */ = {isa = PBXFileReference; fileEncoding = 4; lastKnownFileType = text.plist.xml; path = "GoogleService-Info.plist"; sourceTree = "<group>"; };
		1033C08A26773A5000D999CE /* PhoneAuthenticator.swift */ = {isa = PBXFileReference; lastKnownFileType = sourcecode.swift; path = PhoneAuthenticator.swift; sourceTree = "<group>"; };
		1033C08D26773C0600D999CE /* KCDataStore.swift */ = {isa = PBXFileReference; lastKnownFileType = sourcecode.swift; path = KCDataStore.swift; sourceTree = "<group>"; };
		1033C08F267749F600D999CE /* OTPView.swift */ = {isa = PBXFileReference; lastKnownFileType = sourcecode.swift; path = OTPView.swift; sourceTree = "<group>"; };
		1033C0912678292900D999CE /* OtpTextViewModel.swift */ = {isa = PBXFileReference; lastKnownFileType = sourcecode.swift; path = OtpTextViewModel.swift; sourceTree = "<group>"; };
		1033C09326782B5700D999CE /* OtpText.swift */ = {isa = PBXFileReference; lastKnownFileType = sourcecode.swift; path = OtpText.swift; sourceTree = "<group>"; };
		1033C095267846E500D999CE /* FirstSignInView.swift */ = {isa = PBXFileReference; lastKnownFileType = sourcecode.swift; path = FirstSignInView.swift; sourceTree = "<group>"; };
		1033C0972678477600D999CE /* UserViewModel.swift */ = {isa = PBXFileReference; lastKnownFileType = sourcecode.swift; path = UserViewModel.swift; sourceTree = "<group>"; };
		1033C09926784FC300D999CE /* HomeView.swift */ = {isa = PBXFileReference; lastKnownFileType = sourcecode.swift; path = HomeView.swift; sourceTree = "<group>"; };
		1033C09B2678509D00D999CE /* SettingsView.swift */ = {isa = PBXFileReference; lastKnownFileType = sourcecode.swift; path = SettingsView.swift; sourceTree = "<group>"; };
		1033C09D267850D900D999CE /* SendView.swift */ = {isa = PBXFileReference; lastKnownFileType = sourcecode.swift; path = SendView.swift; sourceTree = "<group>"; };
		1033C09F2678510100D999CE /* RequestView.swift */ = {isa = PBXFileReference; lastKnownFileType = sourcecode.swift; path = RequestView.swift; sourceTree = "<group>"; };
		1033C0A22678514500D999CE /* HomeTabbedView.swift */ = {isa = PBXFileReference; lastKnownFileType = sourcecode.swift; path = HomeTabbedView.swift; sourceTree = "<group>"; };
		1033C0A52678A87C00D999CE /* ProgressViewModifier.swift */ = {isa = PBXFileReference; lastKnownFileType = sourcecode.swift; path = ProgressViewModifier.swift; sourceTree = "<group>"; };
		1033C0A72678A8CD00D999CE /* CustomActivityIndicator.swift */ = {isa = PBXFileReference; lastKnownFileType = sourcecode.swift; path = CustomActivityIndicator.swift; sourceTree = "<group>"; };
		1033C0AB2679A38000D999CE /* Tool.swift */ = {isa = PBXFileReference; lastKnownFileType = sourcecode.swift; path = Tool.swift; sourceTree = "<group>"; };
		1033C0AE2679BB7800D999CE /* EditProfileView.swift */ = {isa = PBXFileReference; lastKnownFileType = sourcecode.swift; path = EditProfileView.swift; sourceTree = "<group>"; };
		1033C0B02679C45C00D999CE /* PopOverView.swift */ = {isa = PBXFileReference; fileEncoding = 4; lastKnownFileType = sourcecode.swift; path = PopOverView.swift; sourceTree = "<group>"; };
		1033C0B22679E01600D999CE /* ShadowedRoundedCorner.swift */ = {isa = PBXFileReference; lastKnownFileType = sourcecode.swift; path = ShadowedRoundedCorner.swift; sourceTree = "<group>"; };
		1033C0B4267A2B5B00D999CE /* CountDownTextView.swift */ = {isa = PBXFileReference; lastKnownFileType = sourcecode.swift; path = CountDownTextView.swift; sourceTree = "<group>"; };
		1033C0B6267AC63100D999CE /* NeumorphismModifier.swift */ = {isa = PBXFileReference; lastKnownFileType = sourcecode.swift; path = NeumorphismModifier.swift; sourceTree = "<group>"; };
		1033C0B9267AEC3700D999CE /* TopUpView.swift */ = {isa = PBXFileReference; lastKnownFileType = sourcecode.swift; path = TopUpView.swift; sourceTree = "<group>"; };
		1033C0BB267AECA200D999CE /* Theme.swift */ = {isa = PBXFileReference; lastKnownFileType = sourcecode.swift; path = Theme.swift; sourceTree = "<group>"; };
		1033C0BD267AFCCD00D999CE /* PersistanceController.swift */ = {isa = PBXFileReference; fileEncoding = 4; lastKnownFileType = sourcecode.swift; path = PersistanceController.swift; sourceTree = "<group>"; };
		1033C0BF267AFD4F00D999CE /* ContactFetcher.swift */ = {isa = PBXFileReference; lastKnownFileType = sourcecode.swift; path = ContactFetcher.swift; sourceTree = "<group>"; };
		1033C0C1267AFFB600D999CE /* ContactsListView.swift */ = {isa = PBXFileReference; lastKnownFileType = sourcecode.swift; path = ContactsListView.swift; sourceTree = "<group>"; };
		1033C0C4267B358E00D999CE /* KyPayDb.xcdatamodel */ = {isa = PBXFileReference; lastKnownFileType = wrapper.xcdatamodel; path = KyPayDb.xcdatamodel; sourceTree = "<group>"; };
		1033C0C6267B363C00D999CE /* KyPayContactDataStore.swift */ = {isa = PBXFileReference; lastKnownFileType = sourcecode.swift; path = KyPayContactDataStore.swift; sourceTree = "<group>"; };
		1033C0C8267B3C6C00D999CE /* KyPayUserSyncer.swift */ = {isa = PBXFileReference; lastKnownFileType = sourcecode.swift; path = KyPayUserSyncer.swift; sourceTree = "<group>"; };
		1033C0CA267C9E4300D999CE /* NavigationBackButton.swift */ = {isa = PBXFileReference; lastKnownFileType = sourcecode.swift; path = NavigationBackButton.swift; sourceTree = "<group>"; };
		1033C0CC267D6C4200D999CE /* BottomFloatingButton.swift */ = {isa = PBXFileReference; fileEncoding = 4; lastKnownFileType = sourcecode.swift; path = BottomFloatingButton.swift; sourceTree = "<group>"; };
		1033C0CE267D767000D999CE /* TxInputData.swift */ = {isa = PBXFileReference; lastKnownFileType = sourcecode.swift; path = TxInputData.swift; sourceTree = "<group>"; };
		1033C0D0267D769400D999CE /* TxInputDataViewModel.swift */ = {isa = PBXFileReference; lastKnownFileType = sourcecode.swift; path = TxInputDataViewModel.swift; sourceTree = "<group>"; };
		1033C0D2267D896900D999CE /* SendMoneyView.swift */ = {isa = PBXFileReference; lastKnownFileType = sourcecode.swift; path = SendMoneyView.swift; sourceTree = "<group>"; };
		1033C0DF267D984C00D999CE /* WalletHandler.swift */ = {isa = PBXFileReference; fileEncoding = 4; lastKnownFileType = sourcecode.swift; path = WalletHandler.swift; sourceTree = "<group>"; };
		1033C0E0267D984C00D999CE /* Config.swift */ = {isa = PBXFileReference; fileEncoding = 4; lastKnownFileType = sourcecode.swift; path = Config.swift; sourceTree = "<group>"; };
		1033C0E1267D984C00D999CE /* DataHandler.swift */ = {isa = PBXFileReference; fileEncoding = 4; lastKnownFileType = sourcecode.swift; path = DataHandler.swift; sourceTree = "<group>"; };
		1033C0E2267D984C00D999CE /* PaymentHandler.swift */ = {isa = PBXFileReference; fileEncoding = 4; lastKnownFileType = sourcecode.swift; path = PaymentHandler.swift; sourceTree = "<group>"; };
		1033C17D267DBA6D00D999CE /* RapydSDK.framework */ = {isa = PBXFileReference; lastKnownFileType = wrapper.framework; path = RapydSDK.framework; sourceTree = "<group>"; };
		1033C183267DBAED00D999CE /* RapydSDK.framework */ = {isa = PBXFileReference; lastKnownFileType = wrapper.framework; path = RapydSDK.framework; sourceTree = "<group>"; };
		1B47377B496C6F0F1022FFD4 /* Pods-KyPayApp2.debug.xcconfig */ = {isa = PBXFileReference; includeInIndex = 1; lastKnownFileType = text.xcconfig; name = "Pods-KyPayApp2.debug.xcconfig"; path = "Target Support Files/Pods-KyPayApp2/Pods-KyPayApp2.debug.xcconfig"; sourceTree = "<group>"; };
		6F523BC3D4353462922B31B9 /* Pods-KyPayApp2.release.xcconfig */ = {isa = PBXFileReference; includeInIndex = 1; lastKnownFileType = text.xcconfig; name = "Pods-KyPayApp2.release.xcconfig"; path = "Target Support Files/Pods-KyPayApp2/Pods-KyPayApp2.release.xcconfig"; sourceTree = "<group>"; };
/* End PBXFileReference section */

/* Begin PBXFrameworksBuildPhase section */
		1033B24E2674A7F200D999CE /* Frameworks */ = {
			isa = PBXFrameworksBuildPhase;
			buildActionMask = 2147483647;
			files = (
				1033C184267DBAED00D999CE /* RapydSDK.framework in Frameworks */,
				1033C0792676F3C500D999CE /* SwiftUIX in Frameworks */,
				1033C17F267DBA9600D999CE /* RapydSDK.framework in Frameworks */,
				1033C0FE267DA63F00D999CE /* Pods_KyPayApp2.framework in Frameworks */,
			);
			runOnlyForDeploymentPostprocessing = 0;
		};
		1033B2642674A7F300D999CE /* Frameworks */ = {
			isa = PBXFrameworksBuildPhase;
			buildActionMask = 2147483647;
			files = (
			);
			runOnlyForDeploymentPostprocessing = 0;
		};
		1033B26F2674A7F300D999CE /* Frameworks */ = {
			isa = PBXFrameworksBuildPhase;
			buildActionMask = 2147483647;
			files = (
			);
			runOnlyForDeploymentPostprocessing = 0;
		};
/* End PBXFrameworksBuildPhase section */

/* Begin PBXGroup section */
		08EA0015D12750CD23EC5D44 /* Pods */ = {
			isa = PBXGroup;
			children = (
				1B47377B496C6F0F1022FFD4 /* Pods-KyPayApp2.debug.xcconfig */,
				6F523BC3D4353462922B31B9 /* Pods-KyPayApp2.release.xcconfig */,
			);
			path = Pods;
			sourceTree = "<group>";
		};
		1033B2482674A7F200D999CE = {
			isa = PBXGroup;
			children = (
				1033B29C2674A92D00D999CE /* RapydPHP */,
				1033B2532674A7F200D999CE /* KyPayApp2 */,
				1033B26A2674A7F300D999CE /* KyPayApp2Tests */,
				1033B2752674A7F300D999CE /* KyPayApp2UITests */,
				1033B2522674A7F200D999CE /* Products */,
				08EA0015D12750CD23EC5D44 /* Pods */,
				55C51AF7366AAFF575FED9C7 /* Frameworks */,
			);
			sourceTree = "<group>";
		};
		1033B2522674A7F200D999CE /* Products */ = {
			isa = PBXGroup;
			children = (
				1033B2512674A7F200D999CE /* KyPayApp2.app */,
				1033B2672674A7F300D999CE /* KyPayApp2Tests.xctest */,
				1033B2722674A7F300D999CE /* KyPayApp2UITests.xctest */,
			);
			name = Products;
			sourceTree = "<group>";
		};
		1033B2532674A7F200D999CE /* KyPayApp2 */ = {
			isa = PBXGroup;
			children = (
				1033C0DE267D984C00D999CE /* RapydHandlers */,
				1033C0A42678A7F600D999CE /* Modifiers */,
				1033C08C26773AC800D999CE /* DataStore */,
				1033C08926773A3D00D999CE /* Firebase */,
				1033C0602676DC7D00D999CE /* Extensions */,
				1033B2852674A82F00D999CE /* ApiClient */,
				1033C06D2676E44E00D999CE /* Models */,
				1033C06A2676E30600D999CE /* ViewModels */,
				1033C05D2676DC3200D999CE /* Views */,
				1033B2542674A7F200D999CE /* AppDelegate.swift */,
				1033B2562674A7F200D999CE /* SceneDelegate.swift */,
				1033B25A2674A7F300D999CE /* Assets.xcassets */,
				1033B25F2674A7F300D999CE /* LaunchScreen.storyboard */,
				1033C0872677386000D999CE /* GoogleService-Info.plist */,
				1033B2622674A7F300D999CE /* Info.plist */,
				1033B25C2674A7F300D999CE /* Preview Content */,
			);
			path = KyPayApp2;
			sourceTree = "<group>";
		};
		1033B25C2674A7F300D999CE /* Preview Content */ = {
			isa = PBXGroup;
			children = (
				1033B25D2674A7F300D999CE /* Preview Assets.xcassets */,
			);
			path = "Preview Content";
			sourceTree = "<group>";
		};
		1033B26A2674A7F300D999CE /* KyPayApp2Tests */ = {
			isa = PBXGroup;
			children = (
				1033B26B2674A7F300D999CE /* KyPayApp2Tests.swift */,
				1033B26D2674A7F300D999CE /* Info.plist */,
			);
			path = KyPayApp2Tests;
			sourceTree = "<group>";
		};
		1033B2752674A7F300D999CE /* KyPayApp2UITests */ = {
			isa = PBXGroup;
			children = (
				1033B2762674A7F300D999CE /* KyPayApp2UITests.swift */,
				1033B2782674A7F300D999CE /* Info.plist */,
			);
			path = KyPayApp2UITests;
			sourceTree = "<group>";
		};
		1033B2852674A82F00D999CE /* ApiClient */ = {
			isa = PBXGroup;
			children = (
				1033B2862674A82F00D999CE /* Test */,
				1033B28A2674A82F00D999CE /* Models */,
				1033B2902674A82F00D999CE /* DateFormatterExt.swift */,
				1033B2892674A82F00D999CE /* DictionaryExt.swift */,
				1033B2912674A82F00D999CE /* ApiRequestHandler.swift */,
			);
			path = ApiClient;
			sourceTree = "<group>";
		};
		1033B2862674A82F00D999CE /* Test */ = {
			isa = PBXGroup;
			children = (
				1033B2872674A82F00D999CE /* T.json */,
				1033B2882674A82F00D999CE /* Tester.swift */,
			);
			path = Test;
			sourceTree = "<group>";
		};
		1033B28A2674A82F00D999CE /* Models */ = {
			isa = PBXGroup;
			children = (
				1033B28B2674A82F00D999CE /* UserImg.swift */,
				1033B28C2674A82F00D999CE /* UserAddress.swift */,
				1033B28D2674A82F00D999CE /* UserWallet.swift */,
				1033B28E2674A82F00D999CE /* User.swift */,
				1033B28F2674A82F00D999CE /* UserPaymentTx.swift */,
			);
			path = Models;
			sourceTree = "<group>";
		};
		1033B29C2674A92D00D999CE /* RapydPHP */ = {
			isa = PBXGroup;
			children = (
				1033B29D2674A92D00D999CE /* bootstrap.php */,
				1033B29E2674A92D00D999CE /* Test2.php */,
				1033B29F2674A92D00D999CE /* Test.php */,
				1033B2C12674A92D00D999CE /* ObtainTK.php */,
				1033B2A02674A92D00D999CE /* public */,
				1033B2A22674A92D00D999CE /* lib */,
			);
			path = RapydPHP;
			sourceTree = "<group>";
		};
		1033B2A02674A92D00D999CE /* public */ = {
			isa = PBXGroup;
			children = (
				1033B2A12674A92D00D999CE /* index.php */,
			);
			path = public;
			sourceTree = "<group>";
		};
		1033B2A22674A92D00D999CE /* lib */ = {
			isa = PBXGroup;
			children = (
				1033B2A32674A92D00D999CE /* Core */,
				1033B2B22674A92D00D999CE /* Util */,
				1033B2BA2674A92D00D999CE /* Db */,
				1033B2BE2674A92D00D999CE /* Rapyd */,
			);
			path = lib;
			sourceTree = "<group>";
		};
		1033B2A32674A92D00D999CE /* Core */ = {
			isa = PBXGroup;
			children = (
				1033B2A42674A92D00D999CE /* tb.sql */,
				1033B2A52674A92D00D999CE /* Db */,
				1033B2AC2674A92D00D999CE /* Controllers */,
			);
			path = Core;
			sourceTree = "<group>";
		};
		1033B2A52674A92D00D999CE /* Db */ = {
			isa = PBXGroup;
			children = (
				1033B2A62674A92D00D999CE /* KypayUser.php */,
				1033B2A72674A92D00D999CE /* KypayUserPaymentTx.php */,
				1033B2A82674A92D00D999CE /* KypayUserAddress.php */,
				1033B2A92674A92D00D999CE /* KypayUserWallet.php */,
				1033B2AA2674A92D00D999CE /* KypayUserImg.php */,
				1033B2AB2674A92D00D999CE /* KypayDbObject.php */,
			);
			path = Db;
			sourceTree = "<group>";
		};
		1033B2AC2674A92D00D999CE /* Controllers */ = {
			isa = PBXGroup;
			children = (
				1033B2AE2674A92D00D999CE /* Controller.php */,
				1033B2AD2674A92D00D999CE /* KypayUserController.php */,
				1033B2AF2674A92D00D999CE /* RequestMethod.php */,
				1033B2B02674A92D00D999CE /* KypayUserWalletController.php */,
				1033B2DE2674AC3800D999CE /* KyPayUserPaymentTxController.php */,
				1033B2B12674A92D00D999CE /* KypayUserAddressController.php */,
			);
			path = Controllers;
			sourceTree = "<group>";
		};
		1033B2B22674A92D00D999CE /* Util */ = {
			isa = PBXGroup;
			children = (
				1033B2B42674A92D00D999CE /* config */,
				1033B2B62674A92D00D999CE /* EncUtil.php */,
				1033B2B32674A92D00D999CE /* DotEnv.php */,
				1033B2B72674A92D00D999CE /* KeyManager.php */,
				1033B2B82674A92D00D999CE /* StrUtil.php */,
				1033B2B92674A92D00D999CE /* Log.php */,
			);
			path = Util;
			sourceTree = "<group>";
		};
		1033B2B42674A92D00D999CE /* config */ = {
			isa = PBXGroup;
			children = (
				1033B2B52674A92D00D999CE /* .env */,
			);
			path = config;
			sourceTree = "<group>";
		};
		1033B2BA2674A92D00D999CE /* Db */ = {
			isa = PBXGroup;
			children = (
				1033B2BB2674A92D00D999CE /* SQLBuilder.php */,
				1033B2BC2674A92D00D999CE /* DbConnector.php */,
				1033B2BD2674A92D00D999CE /* DbObject.php */,
			);
			path = Db;
			sourceTree = "<group>";
		};
		1033B2BE2674A92D00D999CE /* Rapyd */ = {
			isa = PBXGroup;
			children = (
				1033B2BF2674A92D00D999CE /* RapydRequest.php */,
				1033B2C02674A92D00D999CE /* CollectRequest.php */,
			);
			path = Rapyd;
			sourceTree = "<group>";
		};
		1033C05D2676DC3200D999CE /* Views */ = {
			isa = PBXGroup;
			children = (
				1033C0A12678510600D999CE /* homeViews */,
				1033C08626771A9900D999CE /* countryPicker */,
				1033C0702676E81000D999CE /* bottomSheet */,
				1033B2582674A7F200D999CE /* ContentView.swift */,
				1033C05E2676DC5700D999CE /* LoginView.swift */,
				1033C095267846E500D999CE /* FirstSignInView.swift */,
				1033C08F267749F600D999CE /* OTPView.swift */,
				1033C0B4267A2B5B00D999CE /* CountDownTextView.swift */,
				1033C0A72678A8CD00D999CE /* CustomActivityIndicator.swift */,
			);
			path = Views;
			sourceTree = "<group>";
		};
		1033C0602676DC7D00D999CE /* Extensions */ = {
			isa = PBXGroup;
			children = (
				1033C0632676DCCE00D999CE /* UIColorExt.swift */,
				1033C0612676DCAF00D999CE /* Extensions.swift */,
			);
			path = Extensions;
			sourceTree = "<group>";
		};
		1033C06A2676E30600D999CE /* ViewModels */ = {
			isa = PBXGroup;
			children = (
				1033C06B2676E3FA00D999CE /* PhoneInputViewModel.swift */,
				1033C0912678292900D999CE /* OtpTextViewModel.swift */,
				1033C0972678477600D999CE /* UserViewModel.swift */,
				1033C0D0267D769400D999CE /* TxInputDataViewModel.swift */,
			);
			path = ViewModels;
			sourceTree = "<group>";
		};
		1033C06D2676E44E00D999CE /* Models */ = {
			isa = PBXGroup;
			children = (
				1033C06E2676E46F00D999CE /* PhoneInputData.swift */,
				1033C0802677011400D999CE /* Country.swift */,
				1033C09326782B5700D999CE /* OtpText.swift */,
				1033C0CE267D767000D999CE /* TxInputData.swift */,
			);
			path = Models;
			sourceTree = "<group>";
		};
		1033C0702676E81000D999CE /* bottomSheet */ = {
			isa = PBXGroup;
			children = (
				1033C0712676E81000D999CE /* RoundedCorner.swift */,
				1033C0722676E81000D999CE /* BottomSheet.swift */,
				1033C0732676E81000D999CE /* ViewExtension.swift */,
			);
			path = bottomSheet;
			sourceTree = "<group>";
		};
		1033C08626771A9900D999CE /* countryPicker */ = {
			isa = PBXGroup;
			children = (
				1033C0822677035100D999CE /* CountryPickerView.bundle */,
				1033C0682676DD8700D999CE /* CountryCodePickerUI.swift */,
				1033C08426771A7D00D999CE /* SearchBar.swift */,
			);
			path = countryPicker;
			sourceTree = "<group>";
		};
		1033C08926773A3D00D999CE /* Firebase */ = {
			isa = PBXGroup;
			children = (
				1033C08A26773A5000D999CE /* PhoneAuthenticator.swift */,
			);
			path = Firebase;
			sourceTree = "<group>";
		};
		1033C08C26773AC800D999CE /* DataStore */ = {
			isa = PBXGroup;
			children = (
				1033C0BD267AFCCD00D999CE /* PersistanceController.swift */,
				1033C08D26773C0600D999CE /* KCDataStore.swift */,
				1033C0BF267AFD4F00D999CE /* ContactFetcher.swift */,
				1033C0C3267B358E00D999CE /* KyPayDb.xcdatamodeld */,
				1033C0C6267B363C00D999CE /* KyPayContactDataStore.swift */,
				1033C0C8267B3C6C00D999CE /* KyPayUserSyncer.swift */,
			);
			path = DataStore;
			sourceTree = "<group>";
		};
		1033C0A12678510600D999CE /* homeViews */ = {
			isa = PBXGroup;
			children = (
				1033C0AD2679BB6B00D999CE /* settings */,
				1033C09B2678509D00D999CE /* SettingsView.swift */,
				1033C09F2678510100D999CE /* RequestView.swift */,
				1033C0C1267AFFB600D999CE /* ContactsListView.swift */,
				1033C0B9267AEC3700D999CE /* TopUpView.swift */,
				1033C09D267850D900D999CE /* SendView.swift */,
				1033C0D2267D896900D999CE /* SendMoneyView.swift */,
				1033C09926784FC300D999CE /* HomeView.swift */,
				1033C0A22678514500D999CE /* HomeTabbedView.swift */,
			);
			path = homeViews;
			sourceTree = "<group>";
		};
		1033C0A42678A7F600D999CE /* Modifiers */ = {
			isa = PBXGroup;
			children = (
				1033C0AB2679A38000D999CE /* Tool.swift */,
				1033C0B02679C45C00D999CE /* PopOverView.swift */,
				1033C0A52678A87C00D999CE /* ProgressViewModifier.swift */,
				1033C0B22679E01600D999CE /* ShadowedRoundedCorner.swift */,
				1033C0CC267D6C4200D999CE /* BottomFloatingButton.swift */,
				1033C0B6267AC63100D999CE /* NeumorphismModifier.swift */,
				1033C0BB267AECA200D999CE /* Theme.swift */,
				1033C0CA267C9E4300D999CE /* NavigationBackButton.swift */,
			);
			path = Modifiers;
			sourceTree = "<group>";
		};
		1033C0AD2679BB6B00D999CE /* settings */ = {
			isa = PBXGroup;
			children = (
				1033C0AE2679BB7800D999CE /* EditProfileView.swift */,
			);
			path = settings;
			sourceTree = "<group>";
		};
		1033C0DE267D984C00D999CE /* RapydHandlers */ = {
			isa = PBXGroup;
			children = (
				1033C0DF267D984C00D999CE /* WalletHandler.swift */,
				1033C0E0267D984C00D999CE /* Config.swift */,
				1033C0E1267D984C00D999CE /* DataHandler.swift */,
				1033C0E2267D984C00D999CE /* PaymentHandler.swift */,
			);
			path = RapydHandlers;
			sourceTree = "<group>";
		};
		1033C182267DBAED00D999CE /* Simulator */ = {
			isa = PBXGroup;
			children = (
				1033C183267DBAED00D999CE /* RapydSDK.framework */,
			);
			path = Simulator;
			sourceTree = "<group>";
		};
		55C51AF7366AAFF575FED9C7 /* Frameworks */ = {
			isa = PBXGroup;
			children = (
				1033C182267DBAED00D999CE /* Simulator */,
				1033C17D267DBA6D00D999CE /* RapydSDK.framework */,
				0AD2A35EA43E8F034705E971 /* Pods_KyPayApp2.framework */,
			);
			name = Frameworks;
			sourceTree = "<group>";
		};
/* End PBXGroup section */

/* Begin PBXNativeTarget section */
		1033B2502674A7F200D999CE /* KyPayApp2 */ = {
			isa = PBXNativeTarget;
			buildConfigurationList = 1033B27B2674A7F300D999CE /* Build configuration list for PBXNativeTarget "KyPayApp2" */;
			buildPhases = (
				7A65453F8948A639AA95E151 /* [CP] Check Pods Manifest.lock */,
				1033B24D2674A7F200D999CE /* Sources */,
				1033B24E2674A7F200D999CE /* Frameworks */,
				1033B24F2674A7F200D999CE /* Resources */,
				B003BD133D3A3F6DBCD548FC /* [CP] Embed Pods Frameworks */,
				1033C181267DBA9600D999CE /* Embed Frameworks */,
			);
			buildRules = (
			);
			dependencies = (
			);
			name = KyPayApp2;
			packageProductDependencies = (
				1033C0782676F3C500D999CE /* SwiftUIX */,
			);
			productName = KyPayApp2;
			productReference = 1033B2512674A7F200D999CE /* KyPayApp2.app */;
			productType = "com.apple.product-type.application";
		};
		1033B2662674A7F300D999CE /* KyPayApp2Tests */ = {
			isa = PBXNativeTarget;
			buildConfigurationList = 1033B27E2674A7F300D999CE /* Build configuration list for PBXNativeTarget "KyPayApp2Tests" */;
			buildPhases = (
				1033B2632674A7F300D999CE /* Sources */,
				1033B2642674A7F300D999CE /* Frameworks */,
				1033B2652674A7F300D999CE /* Resources */,
			);
			buildRules = (
			);
			dependencies = (
				1033B2692674A7F300D999CE /* PBXTargetDependency */,
			);
			name = KyPayApp2Tests;
			productName = KyPayApp2Tests;
			productReference = 1033B2672674A7F300D999CE /* KyPayApp2Tests.xctest */;
			productType = "com.apple.product-type.bundle.unit-test";
		};
		1033B2712674A7F300D999CE /* KyPayApp2UITests */ = {
			isa = PBXNativeTarget;
			buildConfigurationList = 1033B2812674A7F300D999CE /* Build configuration list for PBXNativeTarget "KyPayApp2UITests" */;
			buildPhases = (
				1033B26E2674A7F300D999CE /* Sources */,
				1033B26F2674A7F300D999CE /* Frameworks */,
				1033B2702674A7F300D999CE /* Resources */,
			);
			buildRules = (
			);
			dependencies = (
				1033B2742674A7F300D999CE /* PBXTargetDependency */,
			);
			name = KyPayApp2UITests;
			productName = KyPayApp2UITests;
			productReference = 1033B2722674A7F300D999CE /* KyPayApp2UITests.xctest */;
			productType = "com.apple.product-type.bundle.ui-testing";
		};
/* End PBXNativeTarget section */

/* Begin PBXProject section */
		1033B2492674A7F200D999CE /* Project object */ = {
			isa = PBXProject;
			attributes = {
				LastSwiftUpdateCheck = 1250;
				LastUpgradeCheck = 1250;
				TargetAttributes = {
					1033B2502674A7F200D999CE = {
						CreatedOnToolsVersion = 12.5;
					};
					1033B2662674A7F300D999CE = {
						CreatedOnToolsVersion = 12.5;
						TestTargetID = 1033B2502674A7F200D999CE;
					};
					1033B2712674A7F300D999CE = {
						CreatedOnToolsVersion = 12.5;
						TestTargetID = 1033B2502674A7F200D999CE;
					};
				};
			};
			buildConfigurationList = 1033B24C2674A7F200D999CE /* Build configuration list for PBXProject "KyPayApp2" */;
			compatibilityVersion = "Xcode 9.3";
			developmentRegion = en;
			hasScannedForEncodings = 0;
			knownRegions = (
				en,
				Base,
			);
			mainGroup = 1033B2482674A7F200D999CE;
			packageReferences = (
				1033C0772676F3C500D999CE /* XCRemoteSwiftPackageReference "SwiftUIX" */,
			);
			productRefGroup = 1033B2522674A7F200D999CE /* Products */;
			projectDirPath = "";
			projectRoot = "";
			targets = (
				1033B2502674A7F200D999CE /* KyPayApp2 */,
				1033B2662674A7F300D999CE /* KyPayApp2Tests */,
				1033B2712674A7F300D999CE /* KyPayApp2UITests */,
			);
		};
/* End PBXProject section */

/* Begin PBXResourcesBuildPhase section */
		1033B24F2674A7F200D999CE /* Resources */ = {
			isa = PBXResourcesBuildPhase;
			buildActionMask = 2147483647;
			files = (
				1033B2D62674A92D00D999CE /* StrUtil.php in Resources */,
				1033B2C82674A92D00D999CE /* KypayUserPaymentTx.php in Resources */,
				1033B2C92674A92D00D999CE /* KypayUserAddress.php in Resources */,
				1033C0832677035100D999CE /* CountryPickerView.bundle in Resources */,
				1033B2D22674A92D00D999CE /* DotEnv.php in Resources */,
				1033B2612674A7F300D999CE /* LaunchScreen.storyboard in Resources */,
				1033B2D72674A92D00D999CE /* Log.php in Resources */,
				1033B2C22674A92D00D999CE /* bootstrap.php in Resources */,
				1033B2D32674A92D00D999CE /* .env in Resources */,
				1033B25E2674A7F300D999CE /* Preview Assets.xcassets in Resources */,
				1033B2DB2674A92D00D999CE /* RapydRequest.php in Resources */,
				1033B2C32674A92D00D999CE /* Test2.php in Resources */,
				1033B2CE2674A92D00D999CE /* Controller.php in Resources */,
				1033B2CB2674A92D00D999CE /* KypayUserImg.php in Resources */,
				1033B2922674A82F00D999CE /* T.json in Resources */,
				1033B2DA2674A92D00D999CE /* DbObject.php in Resources */,
				1033B2CF2674A92D00D999CE /* RequestMethod.php in Resources */,
				1033B2D02674A92D00D999CE /* KypayUserWalletController.php in Resources */,
				1033B25B2674A7F300D999CE /* Assets.xcassets in Resources */,
				1033B2C42674A92D00D999CE /* Test.php in Resources */,
				1033B2D42674A92D00D999CE /* EncUtil.php in Resources */,
				1033B2D82674A92D00D999CE /* SQLBuilder.php in Resources */,
				1033B2DF2674AC3800D999CE /* KyPayUserPaymentTxController.php in Resources */,
				1033B2D52674A92D00D999CE /* KeyManager.php in Resources */,
				1033B2C52674A92D00D999CE /* index.php in Resources */,
				1033B2C72674A92D00D999CE /* KypayUser.php in Resources */,
				1033B2CA2674A92D00D999CE /* KypayUserWallet.php in Resources */,
				1033C0882677386000D999CE /* GoogleService-Info.plist in Resources */,
				1033B2CC2674A92D00D999CE /* KypayDbObject.php in Resources */,
				1033B2CD2674A92D00D999CE /* KypayUserController.php in Resources */,
				1033B2C62674A92D00D999CE /* tb.sql in Resources */,
				1033B2D92674A92D00D999CE /* DbConnector.php in Resources */,
				1033B2D12674A92D00D999CE /* KypayUserAddressController.php in Resources */,
				1033B2DD2674A92D00D999CE /* ObtainTK.php in Resources */,
				1033B2DC2674A92D00D999CE /* CollectRequest.php in Resources */,
			);
			runOnlyForDeploymentPostprocessing = 0;
		};
		1033B2652674A7F300D999CE /* Resources */ = {
			isa = PBXResourcesBuildPhase;
			buildActionMask = 2147483647;
			files = (
			);
			runOnlyForDeploymentPostprocessing = 0;
		};
		1033B2702674A7F300D999CE /* Resources */ = {
			isa = PBXResourcesBuildPhase;
			buildActionMask = 2147483647;
			files = (
			);
			runOnlyForDeploymentPostprocessing = 0;
		};
/* End PBXResourcesBuildPhase section */

/* Begin PBXShellScriptBuildPhase section */
		7A65453F8948A639AA95E151 /* [CP] Check Pods Manifest.lock */ = {
			isa = PBXShellScriptBuildPhase;
			buildActionMask = 2147483647;
			files = (
			);
			inputFileListPaths = (
			);
			inputPaths = (
				"${PODS_PODFILE_DIR_PATH}/Podfile.lock",
				"${PODS_ROOT}/Manifest.lock",
			);
			name = "[CP] Check Pods Manifest.lock";
			outputFileListPaths = (
			);
			outputPaths = (
				"$(DERIVED_FILE_DIR)/Pods-KyPayApp2-checkManifestLockResult.txt",
			);
			runOnlyForDeploymentPostprocessing = 0;
			shellPath = /bin/sh;
			shellScript = "diff \"${PODS_PODFILE_DIR_PATH}/Podfile.lock\" \"${PODS_ROOT}/Manifest.lock\" > /dev/null\nif [ $? != 0 ] ; then\n    # print error to STDERR\n    echo \"error: The sandbox is not in sync with the Podfile.lock. Run 'pod install' or update your CocoaPods installation.\" >&2\n    exit 1\nfi\n# This output is used by Xcode 'outputs' to avoid re-running this script phase.\necho \"SUCCESS\" > \"${SCRIPT_OUTPUT_FILE_0}\"\n";
			showEnvVarsInLog = 0;
		};
		B003BD133D3A3F6DBCD548FC /* [CP] Embed Pods Frameworks */ = {
			isa = PBXShellScriptBuildPhase;
			buildActionMask = 2147483647;
			files = (
			);
			inputFileListPaths = (
				"${PODS_ROOT}/Target Support Files/Pods-KyPayApp2/Pods-KyPayApp2-frameworks-${CONFIGURATION}-input-files.xcfilelist",
			);
			name = "[CP] Embed Pods Frameworks";
			outputFileListPaths = (
				"${PODS_ROOT}/Target Support Files/Pods-KyPayApp2/Pods-KyPayApp2-frameworks-${CONFIGURATION}-output-files.xcfilelist",
			);
			runOnlyForDeploymentPostprocessing = 0;
			shellPath = /bin/sh;
			shellScript = "\"${PODS_ROOT}/Target Support Files/Pods-KyPayApp2/Pods-KyPayApp2-frameworks.sh\"\n";
			showEnvVarsInLog = 0;
		};
/* End PBXShellScriptBuildPhase section */

/* Begin PBXSourcesBuildPhase section */
		1033B24D2674A7F200D999CE /* Sources */ = {
			isa = PBXSourcesBuildPhase;
			buildActionMask = 2147483647;
			files = (
				1033B2942674A82F00D999CE /* DictionaryExt.swift in Sources */,
				1033B2962674A82F00D999CE /* UserAddress.swift in Sources */,
				1033B2552674A7F200D999CE /* AppDelegate.swift in Sources */,
				1033C0762676E81000D999CE /* ViewExtension.swift in Sources */,
				1033B2972674A82F00D999CE /* UserWallet.swift in Sources */,
				1033B29A2674A82F00D999CE /* DateFormatterExt.swift in Sources */,
				1033C090267749F600D999CE /* OTPView.swift in Sources */,
				1033C0E5267D984C00D999CE /* DataHandler.swift in Sources */,
				1033C0C2267AFFB600D999CE /* ContactsListView.swift in Sources */,
				1033C0A32678514500D999CE /* HomeTabbedView.swift in Sources */,
				1033C0A62678A87C00D999CE /* ProgressViewModifier.swift in Sources */,
				1033C0BA267AEC3700D999CE /* TopUpView.swift in Sources */,
				1033C0D3267D896900D999CE /* SendMoneyView.swift in Sources */,
				1033C0AC2679A38000D999CE /* Tool.swift in Sources */,
				1033C0C0267AFD4F00D999CE /* ContactFetcher.swift in Sources */,
				1033B2952674A82F00D999CE /* UserImg.swift in Sources */,
				1033C0CB267C9E4300D999CE /* NavigationBackButton.swift in Sources */,
				1033C09E267850D900D999CE /* SendView.swift in Sources */,
				1033C0752676E81000D999CE /* BottomSheet.swift in Sources */,
				1033B2982674A82F00D999CE /* User.swift in Sources */,
				1033C05F2676DC5700D999CE /* LoginView.swift in Sources */,
				1033B29B2674A82F00D999CE /* ApiRequestHandler.swift in Sources */,
				1033C0C5267B358E00D999CE /* KyPayDb.xcdatamodeld in Sources */,
				1033C0922678292900D999CE /* OtpTextViewModel.swift in Sources */,
				1033C0CF267D767000D999CE /* TxInputData.swift in Sources */,
				1033C0982678477600D999CE /* UserViewModel.swift in Sources */,
				1033B2572674A7F200D999CE /* SceneDelegate.swift in Sources */,
				1033C06C2676E3FA00D999CE /* PhoneInputViewModel.swift in Sources */,
				1033C09A26784FC300D999CE /* HomeView.swift in Sources */,
				1033C0A02678510100D999CE /* RequestView.swift in Sources */,
				1033C06F2676E46F00D999CE /* PhoneInputData.swift in Sources */,
				1033C0E6267D984C00D999CE /* PaymentHandler.swift in Sources */,
				1033C0C7267B363C00D999CE /* KyPayContactDataStore.swift in Sources */,
				1033C0B32679E01600D999CE /* ShadowedRoundedCorner.swift in Sources */,
				1033C09426782B5700D999CE /* OtpText.swift in Sources */,
				1033C0AF2679BB7800D999CE /* EditProfileView.swift in Sources */,
				1033C0BC267AECA200D999CE /* Theme.swift in Sources */,
				1033C0D1267D769400D999CE /* TxInputDataViewModel.swift in Sources */,
				1033C0B7267AC63100D999CE /* NeumorphismModifier.swift in Sources */,
				1033C096267846E500D999CE /* FirstSignInView.swift in Sources */,
				1033B2992674A82F00D999CE /* UserPaymentTx.swift in Sources */,
				1033C0C9267B3C6C00D999CE /* KyPayUserSyncer.swift in Sources */,
				1033B2932674A82F00D999CE /* Tester.swift in Sources */,
				1033C0CD267D6C4200D999CE /* BottomFloatingButton.swift in Sources */,
				1033C08B26773A5000D999CE /* PhoneAuthenticator.swift in Sources */,
				1033C08526771A7D00D999CE /* SearchBar.swift in Sources */,
				1033C0E3267D984C00D999CE /* WalletHandler.swift in Sources */,
				1033C0B5267A2B5B00D999CE /* CountDownTextView.swift in Sources */,
				1033B2592674A7F200D999CE /* ContentView.swift in Sources */,
				1033C09C2678509D00D999CE /* SettingsView.swift in Sources */,
				1033C0BE267AFCCD00D999CE /* PersistanceController.swift in Sources */,
				1033C0B12679C45C00D999CE /* PopOverView.swift in Sources */,
				1033C0642676DCCE00D999CE /* UIColorExt.swift in Sources */,
				1033C0E4267D984C00D999CE /* Config.swift in Sources */,
				1033C0812677011400D999CE /* Country.swift in Sources */,
				1033C0622676DCAF00D999CE /* Extensions.swift in Sources */,
				1033C08E26773C0600D999CE /* KCDataStore.swift in Sources */,
				1033C0742676E81000D999CE /* RoundedCorner.swift in Sources */,
				1033C0A82678A8CD00D999CE /* CustomActivityIndicator.swift in Sources */,
				1033C0692676DD8700D999CE /* CountryCodePickerUI.swift in Sources */,
			);
			runOnlyForDeploymentPostprocessing = 0;
		};
		1033B2632674A7F300D999CE /* Sources */ = {
			isa = PBXSourcesBuildPhase;
			buildActionMask = 2147483647;
			files = (
				1033B26C2674A7F300D999CE /* KyPayApp2Tests.swift in Sources */,
			);
			runOnlyForDeploymentPostprocessing = 0;
		};
		1033B26E2674A7F300D999CE /* Sources */ = {
			isa = PBXSourcesBuildPhase;
			buildActionMask = 2147483647;
			files = (
				1033B2772674A7F300D999CE /* KyPayApp2UITests.swift in Sources */,
			);
			runOnlyForDeploymentPostprocessing = 0;
		};
/* End PBXSourcesBuildPhase section */

/* Begin PBXTargetDependency section */
		1033B2692674A7F300D999CE /* PBXTargetDependency */ = {
			isa = PBXTargetDependency;
			target = 1033B2502674A7F200D999CE /* KyPayApp2 */;
			targetProxy = 1033B2682674A7F300D999CE /* PBXContainerItemProxy */;
		};
		1033B2742674A7F300D999CE /* PBXTargetDependency */ = {
			isa = PBXTargetDependency;
			target = 1033B2502674A7F200D999CE /* KyPayApp2 */;
			targetProxy = 1033B2732674A7F300D999CE /* PBXContainerItemProxy */;
		};
/* End PBXTargetDependency section */

/* Begin PBXVariantGroup section */
		1033B25F2674A7F300D999CE /* LaunchScreen.storyboard */ = {
			isa = PBXVariantGroup;
			children = (
				1033B2602674A7F300D999CE /* Base */,
			);
			name = LaunchScreen.storyboard;
			sourceTree = "<group>";
		};
/* End PBXVariantGroup section */

/* Begin XCBuildConfiguration section */
		1033B2792674A7F300D999CE /* Debug */ = {
			isa = XCBuildConfiguration;
			buildSettings = {
				ALWAYS_SEARCH_USER_PATHS = NO;
				CLANG_ANALYZER_NONNULL = YES;
				CLANG_ANALYZER_NUMBER_OBJECT_CONVERSION = YES_AGGRESSIVE;
				CLANG_CXX_LANGUAGE_STANDARD = "gnu++14";
				CLANG_CXX_LIBRARY = "libc++";
				CLANG_ENABLE_MODULES = YES;
				CLANG_ENABLE_OBJC_ARC = YES;
				CLANG_ENABLE_OBJC_WEAK = YES;
				CLANG_WARN_BLOCK_CAPTURE_AUTORELEASING = YES;
				CLANG_WARN_BOOL_CONVERSION = YES;
				CLANG_WARN_COMMA = YES;
				CLANG_WARN_CONSTANT_CONVERSION = YES;
				CLANG_WARN_DEPRECATED_OBJC_IMPLEMENTATIONS = YES;
				CLANG_WARN_DIRECT_OBJC_ISA_USAGE = YES_ERROR;
				CLANG_WARN_DOCUMENTATION_COMMENTS = YES;
				CLANG_WARN_EMPTY_BODY = YES;
				CLANG_WARN_ENUM_CONVERSION = YES;
				CLANG_WARN_INFINITE_RECURSION = YES;
				CLANG_WARN_INT_CONVERSION = YES;
				CLANG_WARN_NON_LITERAL_NULL_CONVERSION = YES;
				CLANG_WARN_OBJC_IMPLICIT_RETAIN_SELF = YES;
				CLANG_WARN_OBJC_LITERAL_CONVERSION = YES;
				CLANG_WARN_OBJC_ROOT_CLASS = YES_ERROR;
				CLANG_WARN_QUOTED_INCLUDE_IN_FRAMEWORK_HEADER = YES;
				CLANG_WARN_RANGE_LOOP_ANALYSIS = YES;
				CLANG_WARN_STRICT_PROTOTYPES = YES;
				CLANG_WARN_SUSPICIOUS_MOVE = YES;
				CLANG_WARN_UNGUARDED_AVAILABILITY = YES_AGGRESSIVE;
				CLANG_WARN_UNREACHABLE_CODE = YES;
				CLANG_WARN__DUPLICATE_METHOD_MATCH = YES;
				COPY_PHASE_STRIP = NO;
				DEBUG_INFORMATION_FORMAT = dwarf;
				ENABLE_STRICT_OBJC_MSGSEND = YES;
				ENABLE_TESTABILITY = YES;
				GCC_C_LANGUAGE_STANDARD = gnu11;
				GCC_DYNAMIC_NO_PIC = NO;
				GCC_NO_COMMON_BLOCKS = YES;
				GCC_OPTIMIZATION_LEVEL = 0;
				GCC_PREPROCESSOR_DEFINITIONS = (
					"DEBUG=1",
					"$(inherited)",
				);
				GCC_WARN_64_TO_32_BIT_CONVERSION = YES;
				GCC_WARN_ABOUT_RETURN_TYPE = YES_ERROR;
				GCC_WARN_UNDECLARED_SELECTOR = YES;
				GCC_WARN_UNINITIALIZED_AUTOS = YES_AGGRESSIVE;
				GCC_WARN_UNUSED_FUNCTION = YES;
				GCC_WARN_UNUSED_VARIABLE = YES;
				IPHONEOS_DEPLOYMENT_TARGET = 13.0;
				MTL_ENABLE_DEBUG_INFO = INCLUDE_SOURCE;
				MTL_FAST_MATH = YES;
				ONLY_ACTIVE_ARCH = YES;
				SDKROOT = iphoneos;
				SWIFT_ACTIVE_COMPILATION_CONDITIONS = DEBUG;
				SWIFT_OPTIMIZATION_LEVEL = "-Onone";
				VALIDATE_PRODUCT = YES;
			};
			name = Debug;
		};
		1033B27A2674A7F300D999CE /* Release */ = {
			isa = XCBuildConfiguration;
			buildSettings = {
				ALWAYS_SEARCH_USER_PATHS = NO;
				CLANG_ANALYZER_NONNULL = YES;
				CLANG_ANALYZER_NUMBER_OBJECT_CONVERSION = YES_AGGRESSIVE;
				CLANG_CXX_LANGUAGE_STANDARD = "gnu++14";
				CLANG_CXX_LIBRARY = "libc++";
				CLANG_ENABLE_MODULES = YES;
				CLANG_ENABLE_OBJC_ARC = YES;
				CLANG_ENABLE_OBJC_WEAK = YES;
				CLANG_WARN_BLOCK_CAPTURE_AUTORELEASING = YES;
				CLANG_WARN_BOOL_CONVERSION = YES;
				CLANG_WARN_COMMA = YES;
				CLANG_WARN_CONSTANT_CONVERSION = YES;
				CLANG_WARN_DEPRECATED_OBJC_IMPLEMENTATIONS = YES;
				CLANG_WARN_DIRECT_OBJC_ISA_USAGE = YES_ERROR;
				CLANG_WARN_DOCUMENTATION_COMMENTS = YES;
				CLANG_WARN_EMPTY_BODY = YES;
				CLANG_WARN_ENUM_CONVERSION = YES;
				CLANG_WARN_INFINITE_RECURSION = YES;
				CLANG_WARN_INT_CONVERSION = YES;
				CLANG_WARN_NON_LITERAL_NULL_CONVERSION = YES;
				CLANG_WARN_OBJC_IMPLICIT_RETAIN_SELF = YES;
				CLANG_WARN_OBJC_LITERAL_CONVERSION = YES;
				CLANG_WARN_OBJC_ROOT_CLASS = YES_ERROR;
				CLANG_WARN_QUOTED_INCLUDE_IN_FRAMEWORK_HEADER = YES;
				CLANG_WARN_RANGE_LOOP_ANALYSIS = YES;
				CLANG_WARN_STRICT_PROTOTYPES = YES;
				CLANG_WARN_SUSPICIOUS_MOVE = YES;
				CLANG_WARN_UNGUARDED_AVAILABILITY = YES_AGGRESSIVE;
				CLANG_WARN_UNREACHABLE_CODE = YES;
				CLANG_WARN__DUPLICATE_METHOD_MATCH = YES;
				COPY_PHASE_STRIP = NO;
				DEBUG_INFORMATION_FORMAT = "dwarf-with-dsym";
				ENABLE_NS_ASSERTIONS = NO;
				ENABLE_STRICT_OBJC_MSGSEND = YES;
				GCC_C_LANGUAGE_STANDARD = gnu11;
				GCC_NO_COMMON_BLOCKS = YES;
				GCC_WARN_64_TO_32_BIT_CONVERSION = YES;
				GCC_WARN_ABOUT_RETURN_TYPE = YES_ERROR;
				GCC_WARN_UNDECLARED_SELECTOR = YES;
				GCC_WARN_UNINITIALIZED_AUTOS = YES_AGGRESSIVE;
				GCC_WARN_UNUSED_FUNCTION = YES;
				GCC_WARN_UNUSED_VARIABLE = YES;
				IPHONEOS_DEPLOYMENT_TARGET = 13.0;
				MTL_ENABLE_DEBUG_INFO = NO;
				MTL_FAST_MATH = YES;
				SDKROOT = iphoneos;
				SWIFT_COMPILATION_MODE = wholemodule;
				SWIFT_OPTIMIZATION_LEVEL = "-O";
				VALIDATE_PRODUCT = YES;
			};
			name = Release;
		};
		1033B27C2674A7F300D999CE /* Debug */ = {
			isa = XCBuildConfiguration;
			baseConfigurationReference = 1B47377B496C6F0F1022FFD4 /* Pods-KyPayApp2.debug.xcconfig */;
			buildSettings = {
				ASSETCATALOG_COMPILER_APPICON_NAME = AppIcon;
				ASSETCATALOG_COMPILER_GLOBAL_ACCENT_COLOR_NAME = AccentColor;
				BUILD_LIBRARY_FOR_DISTRIBUTION = NO;
				CODE_SIGN_STYLE = Automatic;
				DEVELOPMENT_ASSET_PATHS = "\"KyPayApp2/Preview Content\"";
				DEVELOPMENT_TEAM = 69FAF79796;
				ENABLE_PREVIEWS = YES;
				FRAMEWORK_SEARCH_PATHS = (
					"$(inherited)",
					"$(PROJECT_DIR)/rapyd-sdk-v2.4.1-xcode-12.4/Simulator",
					"$(PROJECT_DIR)/rapyd-sdk-v2.4.1-xcode-12.4/Device",
					"$(PROJECT_DIR)/rapyd-sdk-v2.4.1-xcode-12.4\\ 2/Simulator",
					"$(PROJECT_DIR)/rapyd-sdk-v2.4.1-xcode-12.4\\ 2/Device",
					"$(PROJECT_DIR)",
					"$(PROJECT_DIR)/rapyd-sdk-v2.4.0-xcode-11.6/Simulator",
					"$(PROJECT_DIR)/rapyd-sdk-v2.4.0-xcode-11.6/Device",
					"$(PROJECT_DIR)/rapyd-sdk-v2.4.1-xcode-12.4\\ 2/Simulator",
					"$(PROJECT_DIR)/rapyd-sdk-v2.4.1-xcode-12.4\\ 2/Device",
					"$(PROJECT_DIR)/Simulator",
				);
				INFOPLIST_FILE = KyPayApp2/Info.plist;
				IPHONEOS_DEPLOYMENT_TARGET = 13.0;
				LD_RUNPATH_SEARCH_PATHS = (
					"$(inherited)",
					"@executable_path/Frameworks",
				);
				ONLY_ACTIVE_ARCH = YES;
				PRODUCT_BUNDLE_IDENTIFIER = com.techchee.swiftui.tut.KyPayApp2;
				PRODUCT_NAME = "$(TARGET_NAME)";
				SWIFT_VERSION = 5.0;
				TARGETED_DEVICE_FAMILY = "1,2";
				VALIDATE_WORKSPACE = YES;
			};
			name = Debug;
		};
		1033B27D2674A7F300D999CE /* Release */ = {
			isa = XCBuildConfiguration;
			baseConfigurationReference = 6F523BC3D4353462922B31B9 /* Pods-KyPayApp2.release.xcconfig */;
			buildSettings = {
				ASSETCATALOG_COMPILER_APPICON_NAME = AppIcon;
				ASSETCATALOG_COMPILER_GLOBAL_ACCENT_COLOR_NAME = AccentColor;
				BUILD_LIBRARY_FOR_DISTRIBUTION = NO;
				CODE_SIGN_STYLE = Automatic;
				DEVELOPMENT_ASSET_PATHS = "\"KyPayApp2/Preview Content\"";
				DEVELOPMENT_TEAM = 69FAF79796;
				ENABLE_PREVIEWS = YES;
				FRAMEWORK_SEARCH_PATHS = (
					"$(inherited)",
					"$(PROJECT_DIR)/rapyd-sdk-v2.4.1-xcode-12.4/Simulator",
					"$(PROJECT_DIR)/rapyd-sdk-v2.4.1-xcode-12.4/Device",
					"$(PROJECT_DIR)/rapyd-sdk-v2.4.1-xcode-12.4\\ 2/Simulator",
					"$(PROJECT_DIR)/rapyd-sdk-v2.4.1-xcode-12.4\\ 2/Device",
					"$(PROJECT_DIR)",
					"$(PROJECT_DIR)/rapyd-sdk-v2.4.0-xcode-11.6/Simulator",
					"$(PROJECT_DIR)/rapyd-sdk-v2.4.0-xcode-11.6/Device",
					"$(PROJECT_DIR)/rapyd-sdk-v2.4.1-xcode-12.4\\ 2/Simulator",
					"$(PROJECT_DIR)/rapyd-sdk-v2.4.1-xcode-12.4\\ 2/Device",
					"$(PROJECT_DIR)/Simulator",
				);
				INFOPLIST_FILE = KyPayApp2/Info.plist;
				IPHONEOS_DEPLOYMENT_TARGET = 13.0;
				LD_RUNPATH_SEARCH_PATHS = (
					"$(inherited)",
					"@executable_path/Frameworks",
				);
				PRODUCT_BUNDLE_IDENTIFIER = com.techchee.swiftui.tut.KyPayApp2;
				PRODUCT_NAME = "$(TARGET_NAME)";
				SWIFT_VERSION = 5.0;
				TARGETED_DEVICE_FAMILY = "1,2";
				VALIDATE_WORKSPACE = YES;
			};
			name = Release;
		};
		1033B27F2674A7F300D999CE /* Debug */ = {
			isa = XCBuildConfiguration;
			buildSettings = {
				ALWAYS_EMBED_SWIFT_STANDARD_LIBRARIES = YES;
				BUNDLE_LOADER = "$(TEST_HOST)";
				CODE_SIGN_STYLE = Automatic;
				DEVELOPMENT_TEAM = 69FAF79796;
				INFOPLIST_FILE = KyPayApp2Tests/Info.plist;
				IPHONEOS_DEPLOYMENT_TARGET = 14.5;
				LD_RUNPATH_SEARCH_PATHS = (
					"$(inherited)",
					"@executable_path/Frameworks",
					"@loader_path/Frameworks",
				);
				PRODUCT_BUNDLE_IDENTIFIER = com.techchee.swiftui.tut.KyPayApp2Tests;
				PRODUCT_NAME = "$(TARGET_NAME)";
				SWIFT_VERSION = 5.0;
				TARGETED_DEVICE_FAMILY = "1,2";
				TEST_HOST = "$(BUILT_PRODUCTS_DIR)/KyPayApp2.app/KyPayApp2";
			};
			name = Debug;
		};
		1033B2802674A7F300D999CE /* Release */ = {
			isa = XCBuildConfiguration;
			buildSettings = {
				ALWAYS_EMBED_SWIFT_STANDARD_LIBRARIES = YES;
				BUNDLE_LOADER = "$(TEST_HOST)";
				CODE_SIGN_STYLE = Automatic;
				DEVELOPMENT_TEAM = 69FAF79796;
				INFOPLIST_FILE = KyPayApp2Tests/Info.plist;
				IPHONEOS_DEPLOYMENT_TARGET = 14.5;
				LD_RUNPATH_SEARCH_PATHS = (
					"$(inherited)",
					"@executable_path/Frameworks",
					"@loader_path/Frameworks",
				);
				PRODUCT_BUNDLE_IDENTIFIER = com.techchee.swiftui.tut.KyPayApp2Tests;
				PRODUCT_NAME = "$(TARGET_NAME)";
				SWIFT_VERSION = 5.0;
				TARGETED_DEVICE_FAMILY = "1,2";
				TEST_HOST = "$(BUILT_PRODUCTS_DIR)/KyPayApp2.app/KyPayApp2";
			};
			name = Release;
		};
		1033B2822674A7F300D999CE /* Debug */ = {
			isa = XCBuildConfiguration;
			buildSettings = {
				ALWAYS_EMBED_SWIFT_STANDARD_LIBRARIES = YES;
				CODE_SIGN_STYLE = Automatic;
				DEVELOPMENT_TEAM = 69FAF79796;
				INFOPLIST_FILE = KyPayApp2UITests/Info.plist;
				LD_RUNPATH_SEARCH_PATHS = (
					"$(inherited)",
					"@executable_path/Frameworks",
					"@loader_path/Frameworks",
				);
				PRODUCT_BUNDLE_IDENTIFIER = com.techchee.swiftui.tut.KyPayApp2UITests;
				PRODUCT_NAME = "$(TARGET_NAME)";
				SWIFT_VERSION = 5.0;
				TARGETED_DEVICE_FAMILY = "1,2";
				TEST_TARGET_NAME = KyPayApp2;
			};
			name = Debug;
		};
		1033B2832674A7F300D999CE /* Release */ = {
			isa = XCBuildConfiguration;
			buildSettings = {
				ALWAYS_EMBED_SWIFT_STANDARD_LIBRARIES = YES;
				CODE_SIGN_STYLE = Automatic;
				DEVELOPMENT_TEAM = 69FAF79796;
				INFOPLIST_FILE = KyPayApp2UITests/Info.plist;
				LD_RUNPATH_SEARCH_PATHS = (
					"$(inherited)",
					"@executable_path/Frameworks",
					"@loader_path/Frameworks",
				);
				PRODUCT_BUNDLE_IDENTIFIER = com.techchee.swiftui.tut.KyPayApp2UITests;
				PRODUCT_NAME = "$(TARGET_NAME)";
				SWIFT_VERSION = 5.0;
				TARGETED_DEVICE_FAMILY = "1,2";
				TEST_TARGET_NAME = KyPayApp2;
			};
			name = Release;
		};
/* End XCBuildConfiguration section */

/* Begin XCConfigurationList section */
		1033B24C2674A7F200D999CE /* Build configuration list for PBXProject "KyPayApp2" */ = {
			isa = XCConfigurationList;
			buildConfigurations = (
				1033B2792674A7F300D999CE /* Debug */,
				1033B27A2674A7F300D999CE /* Release */,
			);
			defaultConfigurationIsVisible = 0;
			defaultConfigurationName = Release;
		};
		1033B27B2674A7F300D999CE /* Build configuration list for PBXNativeTarget "KyPayApp2" */ = {
			isa = XCConfigurationList;
			buildConfigurations = (
				1033B27C2674A7F300D999CE /* Debug */,
				1033B27D2674A7F300D999CE /* Release */,
			);
			defaultConfigurationIsVisible = 0;
			defaultConfigurationName = Release;
		};
		1033B27E2674A7F300D999CE /* Build configuration list for PBXNativeTarget "KyPayApp2Tests" */ = {
			isa = XCConfigurationList;
			buildConfigurations = (
				1033B27F2674A7F300D999CE /* Debug */,
				1033B2802674A7F300D999CE /* Release */,
			);
			defaultConfigurationIsVisible = 0;
			defaultConfigurationName = Release;
		};
		1033B2812674A7F300D999CE /* Build configuration list for PBXNativeTarget "KyPayApp2UITests" */ = {
			isa = XCConfigurationList;
			buildConfigurations = (
				1033B2822674A7F300D999CE /* Debug */,
				1033B2832674A7F300D999CE /* Release */,
			);
			defaultConfigurationIsVisible = 0;
			defaultConfigurationName = Release;
		};
/* End XCConfigurationList section */

/* Begin XCRemoteSwiftPackageReference section */
		1033C0772676F3C500D999CE /* XCRemoteSwiftPackageReference "SwiftUIX" */ = {
			isa = XCRemoteSwiftPackageReference;
			repositoryURL = "https://github.com/SwiftUIX/SwiftUIX";
			requirement = {
				kind = upToNextMajorVersion;
				minimumVersion = 0.0.7;
			};
		};
/* End XCRemoteSwiftPackageReference section */

/* Begin XCSwiftPackageProductDependency section */
		1033C0782676F3C500D999CE /* SwiftUIX */ = {
			isa = XCSwiftPackageProductDependency;
			package = 1033C0772676F3C500D999CE /* XCRemoteSwiftPackageReference "SwiftUIX" */;
			productName = SwiftUIX;
		};
/* End XCSwiftPackageProductDependency section */

/* Begin XCVersionGroup section */
		1033C0C3267B358E00D999CE /* KyPayDb.xcdatamodeld */ = {
			isa = XCVersionGroup;
			children = (
				1033C0C4267B358E00D999CE /* KyPayDb.xcdatamodel */,
			);
			currentVersion = 1033C0C4267B358E00D999CE /* KyPayDb.xcdatamodel */;
			path = KyPayDb.xcdatamodeld;
			sourceTree = "<group>";
			versionGroupType = wrapper.xcdatamodel;
		};
/* End XCVersionGroup section */
	};
	rootObject = 1033B2492674A7F200D999CE /* Project object */;
}
